{
  "name": "@obc/planner-search",
  "lockfileVersion": 3,
  "requires": true,
  "packages": {
    "": {
      "name": "@obc/planner-search",
      "dependencies": {
        "opening_hours": "3.11.0"
      },
      "engines": {
        "node": ">=24"
      }
    },
    "node_modules/@babel/runtime": {
      "version": "7.29.7",
      "resolved": "https://registry.npmjs.org/@babel/runtime/-/runtime-7.29.7.tgz",
      "integrity": "sha512-Nq8OhGWiZIZGV6hLHoyAKLLcJihP/xFeBMGJoUrxTX2psI8dCifzLhZISFb+VWS3wFMRDmCGw5R+dOySCqPLhw==",
      "license": "MIT",
      "engines": {
        "node": ">=6.9.0"
      }
    },
    "node_modules/i18next": {
      "version": "25.10.10",
      "resolved": "https://registry.npmjs.org/i18next/-/i18next-25.10.10.tgz",
      "integrity": "sha512-cqUW2Z3EkRx7NqSyywjkgCLK7KLCL6IFVFcONG7nVYIJ3ekZ1/N5jUsihHV6Bq37NfhgtczxJcxduELtjTwkuQ==",
      "funding": [
        {
          "type": "individual",
          "url": "https://www.locize.com/i18next"
        },
        {
          "type": "individual",
          "url": "https://www.i18next.com/how-to/faq#i18next-is-awesome.-how-can-i-support-the-project"
        },
        {
          "type": "individual",
          "url": "https://www.locize.com"
        }
      ],
      "license": "MIT",
      "dependencies": {
        "@babel/runtime": "^7.29.2"
      },
      "peerDependencies": {
        "typescript": "^5 || ^6"
      },
      "peerDependenciesMeta": {
        "typescript": {
          "optional": true
        }
      }
    },
    "node_modules/opening_hours": {
      "version": "3.11.0",
      "resolved": "https://registry.npmjs.org/opening_hours/-/opening_hours-3.11.0.tgz",
      "integrity": "sha512-6y1ivYGiHM7fBXQTlE3l05ZgkNjtjLM00ttipj97J5e3L1NI8YxuDQcSS0Na1HbawAsE5mVRt4jkOmxf9eqL5Q==",
      "license": "LGPL-3.0-only",
      "dependencies": {
        "i18next": "^25.3.2",
        "suncalc": "^1.9.0"
      },
      "engines": {
        "node": ">=12"
      }
    },
    "node_modules/suncalc": {
      "version": "1.9.0",
      "resolved": "https://registry.npmjs.org/suncalc/-/suncalc-1.9.0.tgz",
      "integrity": "sha512-vMJ8Byp1uIPoj+wb9c1AdK4jpkSKVAywgHX0lqY7zt6+EWRRC3Z+0Ucfjy/0yxTVO1hwwchZe4uoFNqrIC24+A=="
    }
  }
}
