{
  "originHash" : "c4f9efc0f22b59edb88b090fc624b9141ca3c08ef70075f3bc213578241c161b",
  "pins" : [
    {
      "identity" : "maplibre-gl-native-distribution",
      "kind" : "remoteSourceControl",
      "location" : "https://github.com/maplibre/maplibre-gl-native-distribution",
      "state" : {
        "revision" : "13e41ab3d77ff5113e7e5d4ee87803b1f81f5683",
        "version" : "6.31.0"
      }
    }
  ],
  "version" : 3
}
